// !$*UTF8*$!
{
	archiveVersion = 1;
	classes = {
	};
	objectVersion = 77;
	objects = {

/* Begin PBXBuildFile section */
		6DBE357B2E626B040031F662 /* AppDelegate.swift in Sources */ = {isa = PBXBuildFile; fileRef = 6DBE35722E626B040031F662 /* AppDelegate.swift */; };
		6DBE357C2E626B040031F662 /* SceneDelegate.swift in Sources */ = {isa = PBXBuildFile; fileRef = 6DBE35742E626B040031F662 /* SceneDelegate.swift */; };
		6DBE357D2E626B040031F662 /* Assets.xcassets in Resources */ = {isa = PBXBuildFile; fileRef = 6DBE35732E626B040031F662 /* Assets.xcassets */; };
		6DBE35802E626B9C0031F662 /* RMLocation.swift in Sources */ = {isa = PBXBuildFile; fileRef = 6DBE357F2E626B7E0031F662 /* RMLocation.swift */; };
		6DBE35822E626BC20031F662 /* RMCharacter.swift in Sources */ = {isa = PBXBuildFile; fileRef = 6DBE35812E626BC20031F662 /* RMCharacter.swift */; };
		6DBE35842E626BEC0031F662 /* RMEpisode.swift in Sources */ = {isa = PBXBuildFile; fileRef = 6DBE35832E626BEC0031F662 /* RMEpisode.swift */; };
		6DBE35942E63B9F10031F662 /* RMService.swift in Sources */ = {isa = PBXBuildFile; fileRef = 6DBE35932E63B9F10031F662 /* RMService.swift */; };
		6DBE35962E63B9FE0031F662 /* RMRequest.swift in Sources */ = {isa = PBXBuildFile; fileRef = 6DBE35952E63B9FE0031F662 /* RMRequest.swift */; };
		6DBE35982E63BA0B0031F662 /* RMEndpoint.swift in Sources */ = {isa = PBXBuildFile; fileRef = 6DBE35972E63BA0B0031F662 /* RMEndpoint.swift */; };
		6DBE359A2E63BE1B0031F662 /* RMOrigin.swift in Sources */ = {isa = PBXBuildFile; fileRef = 6DBE35992E63BE1B0031F662 /* RMOrigin.swift */; };
		6DBE359C2E63BEAE0031F662 /* RMSingleLocation.swift in Sources */ = {isa = PBXBuildFile; fileRef = 6DBE359B2E63BEAE0031F662 /* RMSingleLocation.swift */; };
		6DBE359E2E63BFD60031F662 /* RMCharacterGender.swift in Sources */ = {isa = PBXBuildFile; fileRef = 6DBE359D2E63BFD60031F662 /* RMCharacterGender.swift */; };
		6DBE35A02E63C1F10031F662 /* RMCharacterStatus.swift in Sources */ = {isa = PBXBuildFile; fileRef = 6DBE359F2E63C1F10031F662 /* RMCharacterStatus.swift */; };
/* End PBXBuildFile section */

/* Begin PBXFileReference section */
		6DBE354D2E6260F90031F662 /* RickAndMorty.app */ = {isa = PBXFileReference; explicitFileType = wrapper.application; includeInIndex = 0; path = RickAndMorty.app; sourceTree = BUILT_PRODUCTS_DIR; };
		6DBE35722E626B040031F662 /* AppDelegate.swift */ = {isa = PBXFileReference; lastKnownFileType = sourcecode.swift; path = AppDelegate.swift; sourceTree = "<group>"; };
		6DBE35732E626B040031F662 /* Assets.xcassets */ = {isa = PBXFileReference; lastKnownFileType = folder.assetcatalog; path = Assets.xcassets; sourceTree = "<group>"; };
		6DBE35742E626B040031F662 /* SceneDelegate.swift */ = {isa = PBXFileReference; lastKnownFileType = sourcecode.swift; path = SceneDelegate.swift; sourceTree = "<group>"; };
		6DBE35782E626B040031F662 /* Info.plist */ = {isa = PBXFileReference; lastKnownFileType = text.plist.xml; path = Info.plist; sourceTree = "<group>"; };
		6DBE357F2E626B7E0031F662 /* RMLocation.swift */ = {isa = PBXFileReference; lastKnownFileType = sourcecode.swift; path = RMLocation.swift; sourceTree = "<group>"; };
		6DBE35812E626BC20031F662 /* RMCharacter.swift */ = {isa = PBXFileReference; lastKnownFileType = sourcecode.swift; path = RMCharacter.swift; sourceTree = "<group>"; };
		6DBE35832E626BEC0031F662 /* RMEpisode.swift */ = {isa = PBXFileReference; lastKnownFileType = sourcecode.swift; path = RMEpisode.swift; sourceTree = "<group>"; };
		6DBE35932E63B9F10031F662 /* RMService.swift */ = {isa = PBXFileReference; lastKnownFileType = sourcecode.swift; path = RMService.swift; sourceTree = "<group>"; };
		6DBE35952E63B9FE0031F662 /* RMRequest.swift */ = {isa = PBXFileReference; lastKnownFileType = sourcecode.swift; path = RMRequest.swift; sourceTree = "<group>"; };
		6DBE35972E63BA0B0031F662 /* RMEndpoint.swift */ = {isa = PBXFileReference; lastKnownFileType = sourcecode.swift; path = RMEndpoint.swift; sourceTree = "<group>"; };
		6DBE35992E63BE1B0031F662 /* RMOrigin.swift */ = {isa = PBXFileReference; lastKnownFileType = sourcecode.swift; path = RMOrigin.swift; sourceTree = "<group>"; };
		6DBE359B2E63BEAE0031F662 /* RMSingleLocation.swift */ = {isa = PBXFileReference; lastKnownFileType = sourcecode.swift; path = RMSingleLocation.swift; sourceTree = "<group>"; };
		6DBE359D2E63BFD60031F662 /* RMCharacterGender.swift */ = {isa = PBXFileReference; lastKnownFileType = sourcecode.swift; path = RMCharacterGender.swift; sourceTree = "<group>"; };
		6DBE359F2E63C1F10031F662 /* RMCharacterStatus.swift */ = {isa = PBXFileReference; lastKnownFileType = sourcecode.swift; path = RMCharacterStatus.swift; sourceTree = "<group>"; };
/* End PBXFileReference section */

/* Begin PBXFileSystemSynchronizedRootGroup section */
		6DBE35882E6399150031F662 /* Core */ = {
			isa = PBXFileSystemSynchronizedRootGroup;
			path = Core;
			sourceTree = "<group>";
		};
/* End PBXFileSystemSynchronizedRootGroup section */

/* Begin PBXFrameworksBuildPhase section */
		6DBE354A2E6260F90031F662 /* Frameworks */ = {
			isa = PBXFrameworksBuildPhase;
			buildActionMask = 2147483647;
			files = (
			);
			runOnlyForDeploymentPostprocessing = 0;
		};
/* End PBXFrameworksBuildPhase section */

/* Begin PBXGroup section */
		6DBE35442E6260F90031F662 = {
			isa = PBXGroup;
			children = (
				6DBE35792E626B040031F662 /* RickAndMorty */,
				6DBE354E2E6260F90031F662 /* Products */,
			);
			sourceTree = "<group>";
		};
		6DBE354E2E6260F90031F662 /* Products */ = {
			isa = PBXGroup;
			children = (
				6DBE354D2E6260F90031F662 /* RickAndMorty.app */,
			);
			name = Products;
			sourceTree = "<group>";
		};
		6DBE356D2E626B040031F662 /* APIClient */ = {
			isa = PBXGroup;
			children = (
				6DBE35932E63B9F10031F662 /* RMService.swift */,
				6DBE35952E63B9FE0031F662 /* RMRequest.swift */,
				6DBE35972E63BA0B0031F662 /* RMEndpoint.swift */,
			);
			path = APIClient;
			sourceTree = "<group>";
		};
		6DBE356F2E626B040031F662 /* Controller */ = {
			isa = PBXGroup;
			children = (
				6DBE35882E6399150031F662 /* Core */,
			);
			path = Controller;
			sourceTree = "<group>";
		};
		6DBE35702E626B040031F662 /* Managers */ = {
			isa = PBXGroup;
			children = (
			);
			path = Managers;
			sourceTree = "<group>";
		};
		6DBE35712E626B040031F662 /* Models */ = {
			isa = PBXGroup;
			children = (
				6DBE357F2E626B7E0031F662 /* RMLocation.swift */,
				6DBE35812E626BC20031F662 /* RMCharacter.swift */,
				6DBE35832E626BEC0031F662 /* RMEpisode.swift */,
				6DBE35992E63BE1B0031F662 /* RMOrigin.swift */,
				6DBE359B2E63BEAE0031F662 /* RMSingleLocation.swift */,
				6DBE359D2E63BFD60031F662 /* RMCharacterGender.swift */,
				6DBE359F2E63C1F10031F662 /* RMCharacterStatus.swift */,
			);
			path = Models;
			sourceTree = "<group>";
		};
		6DBE35752E626B040031F662 /* Resources */ = {
			isa = PBXGroup;
			children = (
				6DBE35722E626B040031F662 /* AppDelegate.swift */,
				6DBE35732E626B040031F662 /* Assets.xcassets */,
				6DBE35742E626B040031F662 /* SceneDelegate.swift */,
			);
			path = Resources;
			sourceTree = "<group>";
		};
		6DBE35762E626B040031F662 /* VIewModels */ = {
			isa = PBXGroup;
			children = (
			);
			path = VIewModels;
			sourceTree = "<group>";
		};
		6DBE35772E626B040031F662 /* Views */ = {
			isa = PBXGroup;
			children = (
			);
			path = Views;
			sourceTree = "<group>";
		};
		6DBE35792E626B040031F662 /* RickAndMorty */ = {
			isa = PBXGroup;
			children = (
				6DBE356D2E626B040031F662 /* APIClient */,
				6DBE356F2E626B040031F662 /* Controller */,
				6DBE35702E626B040031F662 /* Managers */,
				6DBE35712E626B040031F662 /* Models */,
				6DBE35752E626B040031F662 /* Resources */,
				6DBE35762E626B040031F662 /* VIewModels */,
				6DBE35772E626B040031F662 /* Views */,
				6DBE35782E626B040031F662 /* Info.plist */,
			);
			path = RickAndMorty;
			sourceTree = "<group>";
		};
/* End PBXGroup section */

/* Begin PBXNativeTarget section */
		6DBE354C2E6260F90031F662 /* RickAndMorty */ = {
			isa = PBXNativeTarget;
			buildConfigurationList = 6DBE35602E6260FA0031F662 /* Build configuration list for PBXNativeTarget "RickAndMorty" */;
			buildPhases = (
				6DBE35492E6260F90031F662 /* Sources */,
				6DBE354A2E6260F90031F662 /* Frameworks */,
				6DBE354B2E6260F90031F662 /* Resources */,
			);
			buildRules = (
			);
			dependencies = (
			);
			fileSystemSynchronizedGroups = (
				6DBE35882E6399150031F662 /* Core */,
			);
			name = RickAndMorty;
			packageProductDependencies = (
			);
			productName = RickAndMorty;
			productReference = 6DBE354D2E6260F90031F662 /* RickAndMorty.app */;
			productType = "com.apple.product-type.application";
		};
/* End PBXNativeTarget section */

/* Begin PBXProject section */
		6DBE35452E6260F90031F662 /* Project object */ = {
			isa = PBXProject;
			attributes = {
				BuildIndependentTargetsInParallel = 1;
				LastSwiftUpdateCheck = 1640;
				LastUpgradeCheck = 1640;
				TargetAttributes = {
					6DBE354C2E6260F90031F662 = {
						CreatedOnToolsVersion = 16.4;
					};
				};
			};
			buildConfigurationList = 6DBE35482E6260F90031F662 /* Build configuration list for PBXProject "RickAndMorty" */;
			developmentRegion = en;
			hasScannedForEncodings = 0;
			knownRegions = (
				en,
				Base,
			);
			mainGroup = 6DBE35442E6260F90031F662;
			minimizedProjectReferenceProxies = 1;
			preferredProjectObjectVersion = 77;
			productRefGroup = 6DBE354E2E6260F90031F662 /* Products */;
			projectDirPath = "";
			projectRoot = "";
			targets = (
				6DBE354C2E6260F90031F662 /* RickAndMorty */,
			);
		};
/* End PBXProject section */

/* Begin PBXResourcesBuildPhase section */
		6DBE354B2E6260F90031F662 /* Resources */ = {
			isa = PBXResourcesBuildPhase;
			buildActionMask = 2147483647;
			files = (
				6DBE357D2E626B040031F662 /* Assets.xcassets in Resources */,
			);
			runOnlyForDeploymentPostprocessing = 0;
		};
/* End PBXResourcesBuildPhase section */

/* Begin PBXSourcesBuildPhase section */
		6DBE35492E6260F90031F662 /* Sources */ = {
			isa = PBXSourcesBuildPhase;
			buildActionMask = 2147483647;
			files = (
				6DBE359C2E63BEAE0031F662 /* RMSingleLocation.swift in Sources */,
				6DBE35842E626BEC0031F662 /* RMEpisode.swift in Sources */,
				6DBE359E2E63BFD60031F662 /* RMCharacterGender.swift in Sources */,
				6DBE357B2E626B040031F662 /* AppDelegate.swift in Sources */,
				6DBE357C2E626B040031F662 /* SceneDelegate.swift in Sources */,
				6DBE35A02E63C1F10031F662 /* RMCharacterStatus.swift in Sources */,
				6DBE35942E63B9F10031F662 /* RMService.swift in Sources */,
				6DBE35802E626B9C0031F662 /* RMLocation.swift in Sources */,
				6DBE359A2E63BE1B0031F662 /* RMOrigin.swift in Sources */,
				6DBE35982E63BA0B0031F662 /* RMEndpoint.swift in Sources */,
				6DBE35822E626BC20031F662 /* RMCharacter.swift in Sources */,
				6DBE35962E63B9FE0031F662 /* RMRequest.swift in Sources */,
			);
			runOnlyForDeploymentPostprocessing = 0;
		};
/* End PBXSourcesBuildPhase section */

/* Begin XCBuildConfiguration section */
		6DBE35612E6260FA0031F662 /* Debug */ = {
			isa = XCBuildConfiguration;
			buildSettings = {
				ASSETCATALOG_COMPILER_APPICON_NAME = AppIcon;
				ASSETCATALOG_COMPILER_GLOBAL_ACCENT_COLOR_NAME = AccentColor;
				CODE_SIGN_STYLE = Automatic;
				CURRENT_PROJECT_VERSION = 1;
				GENERATE_INFOPLIST_FILE = YES;
				INFOPLIST_FILE = RickAndMorty/Info.plist;
				INFOPLIST_KEY_UIApplicationSupportsIndirectInputEvents = YES;
				INFOPLIST_KEY_UILaunchStoryboardName = LaunchScreen;
				INFOPLIST_KEY_UISupportedInterfaceOrientations_iPad = "UIInterfaceOrientationPortrait UIInterfaceOrientationPortraitUpsideDown UIInterfaceOrientationLandscapeLeft UIInterfaceOrientationLandscapeRight";
				INFOPLIST_KEY_UISupportedInterfaceOrientations_iPhone = "UIInterfaceOrientationPortrait UIInterfaceOrientationLandscapeLeft UIInterfaceOrientationLandscapeRight";
				LD_RUNPATH_SEARCH_PATHS = (
					"$(inherited)",
					"@executable_path/Frameworks",
				);
				MARKETING_VERSION = 1.0;
				PRODUCT_BUNDLE_IDENTIFIER = Laura.RickAndMorty;
				PRODUCT_NAME = "$(TARGET_NAME)";
				SWIFT_EMIT_LOC_STRINGS = YES;
				SWIFT_VERSION = 5.0;
				TARGETED_DEVICE_FAMILY = "1,2";
			};
			name = Debug;
		};
		6DBE35622E6260FA0031F662 /* Release */ = {
			isa = XCBuildConfiguration;
			buildSettings = {
				ASSETCATALOG_COMPILER_APPICON_NAME = AppIcon;
				ASSETCATALOG_COMPILER_GLOBAL_ACCENT_COLOR_NAME = AccentColor;
				CODE_SIGN_STYLE = Automatic;
				CURRENT_PROJECT_VERSION = 1;
				GENERATE_INFOPLIST_FILE = YES;
				INFOPLIST_FILE = RickAndMorty/Info.plist;
				INFOPLIST_KEY_UIApplicationSupportsIndirectInputEvents = YES;
				INFOPLIST_KEY_UILaunchStoryboardName = LaunchScreen;
				INFOPLIST_KEY_UISupportedInterfaceOrientations_iPad = "UIInterfaceOrientationPortrait UIInterfaceOrientationPortraitUpsideDown UIInterfaceOrientationLandscapeLeft UIInterfaceOrientationLandscapeRight";
				INFOPLIST_KEY_UISupportedInterfaceOrientations_iPhone = "UIInterfaceOrientationPortrait UIInterfaceOrientationLandscapeLeft UIInterfaceOrientationLandscapeRight";
				LD_RUNPATH_SEARCH_PATHS = (
					"$(inherited)",
					"@executable_path/Frameworks",
				);
				MARKETING_VERSION = 1.0;
				PRODUCT_BUNDLE_IDENTIFIER = Laura.RickAndMorty;
				PRODUCT_NAME = "$(TARGET_NAME)";
				SWIFT_EMIT_LOC_STRINGS = YES;
				SWIFT_VERSION = 5.0;
				TARGETED_DEVICE_FAMILY = "1,2";
			};
			name = Release;
		};
		6DBE35632E6260FA0031F662 /* Debug */ = {
			isa = XCBuildConfiguration;
			buildSettings = {
				ALWAYS_SEARCH_USER_PATHS = NO;
				ASSETCATALOG_COMPILER_GENERATE_SWIFT_ASSET_SYMBOL_EXTENSIONS = YES;
				CLANG_ANALYZER_NONNULL = YES;
				CLANG_ANALYZER_NUMBER_OBJECT_CONVERSION = YES_AGGRESSIVE;
				CLANG_CXX_LANGUAGE_STANDARD = "gnu++20";
				CLANG_ENABLE_MODULES = YES;
				CLANG_ENABLE_OBJC_ARC = YES;
				CLANG_ENABLE_OBJC_WEAK = YES;
				CLANG_WARN_BLOCK_CAPTURE_AUTORELEASING = YES;
				CLANG_WARN_BOOL_CONVERSION = YES;
				CLANG_WARN_COMMA = YES;
				CLANG_WARN_CONSTANT_CONVERSION = YES;
				CLANG_WARN_DEPRECATED_OBJC_IMPLEMENTATIONS = YES;
				CLANG_WARN_DIRECT_OBJC_ISA_USAGE = YES_ERROR;
				CLANG_WARN_DOCUMENTATION_COMMENTS = YES;
				CLANG_WARN_EMPTY_BODY = YES;
				CLANG_WARN_ENUM_CONVERSION = YES;
				CLANG_WARN_INFINITE_RECURSION = YES;
				CLANG_WARN_INT_CONVERSION = YES;
				CLANG_WARN_NON_LITERAL_NULL_CONVERSION = YES;
				CLANG_WARN_OBJC_IMPLICIT_RETAIN_SELF = YES;
				CLANG_WARN_OBJC_LITERAL_CONVERSION = YES;
				CLANG_WARN_OBJC_ROOT_CLASS = YES_ERROR;
				CLANG_WARN_QUOTED_INCLUDE_IN_FRAMEWORK_HEADER = YES;
				CLANG_WARN_RANGE_LOOP_ANALYSIS = YES;
				CLANG_WARN_STRICT_PROTOTYPES = YES;
				CLANG_WARN_SUSPICIOUS_MOVE = YES;
				CLANG_WARN_UNGUARDED_AVAILABILITY = YES_AGGRESSIVE;
				CLANG_WARN_UNREACHABLE_CODE = YES;
				CLANG_WARN__DUPLICATE_METHOD_MATCH = YES;
				COPY_PHASE_STRIP = NO;
				DEBUG_INFORMATION_FORMAT = dwarf;
				ENABLE_STRICT_OBJC_MSGSEND = YES;
				ENABLE_TESTABILITY = YES;
				ENABLE_USER_SCRIPT_SANDBOXING = YES;
				GCC_C_LANGUAGE_STANDARD = gnu17;
				GCC_DYNAMIC_NO_PIC = NO;
				GCC_NO_COMMON_BLOCKS = YES;
				GCC_OPTIMIZATION_LEVEL = 0;
				GCC_PREPROCESSOR_DEFINITIONS = (
					"DEBUG=1",
					"$(inherited)",
				);
				GCC_WARN_64_TO_32_BIT_CONVERSION = YES;
				GCC_WARN_ABOUT_RETURN_TYPE = YES_ERROR;
				GCC_WARN_UNDECLARED_SELECTOR = YES;
				GCC_WARN_UNINITIALIZED_AUTOS = YES_AGGRESSIVE;
				GCC_WARN_UNUSED_FUNCTION = YES;
				GCC_WARN_UNUSED_VARIABLE = YES;
				IPHONEOS_DEPLOYMENT_TARGET = 18.5;
				LOCALIZATION_PREFERS_STRING_CATALOGS = YES;
				MTL_ENABLE_DEBUG_INFO = INCLUDE_SOURCE;
				MTL_FAST_MATH = YES;
				ONLY_ACTIVE_ARCH = YES;
				SDKROOT = iphoneos;
				SWIFT_ACTIVE_COMPILATION_CONDITIONS = "DEBUG $(inherited)";
				SWIFT_OPTIMIZATION_LEVEL = "-Onone";
			};
			name = Debug;
		};
		6DBE35642E6260FA0031F662 /* Release */ = {
			isa = XCBuildConfiguration;
			buildSettings = {
				ALWAYS_SEARCH_USER_PATHS = NO;
				ASSETCATALOG_COMPILER_GENERATE_SWIFT_ASSET_SYMBOL_EXTENSIONS = YES;
				CLANG_ANALYZER_NONNULL = YES;
				CLANG_ANALYZER_NUMBER_OBJECT_CONVERSION = YES_AGGRESSIVE;
				CLANG_CXX_LANGUAGE_STANDARD = "gnu++20";
				CLANG_ENABLE_MODULES = YES;
				CLANG_ENABLE_OBJC_ARC = YES;
				CLANG_ENABLE_OBJC_WEAK = YES;
				CLANG_WARN_BLOCK_CAPTURE_AUTORELEASING = YES;
				CLANG_WARN_BOOL_CONVERSION = YES;
				CLANG_WARN_COMMA = YES;
				CLANG_WARN_CONSTANT_CONVERSION = YES;
				CLANG_WARN_DEPRECATED_OBJC_IMPLEMENTATIONS = YES;
				CLANG_WARN_DIRECT_OBJC_ISA_USAGE = YES_ERROR;
				CLANG_WARN_DOCUMENTATION_COMMENTS = YES;
				CLANG_WARN_EMPTY_BODY = YES;
				CLANG_WARN_ENUM_CONVERSION = YES;
				CLANG_WARN_INFINITE_RECURSION = YES;
				CLANG_WARN_INT_CONVERSION = YES;
				CLANG_WARN_NON_LITERAL_NULL_CONVERSION = YES;
				CLANG_WARN_OBJC_IMPLICIT_RETAIN_SELF = YES;
				CLANG_WARN_OBJC_LITERAL_CONVERSION = YES;
				CLANG_WARN_OBJC_ROOT_CLASS = YES_ERROR;
				CLANG_WARN_QUOTED_INCLUDE_IN_FRAMEWORK_HEADER = YES;
				CLANG_WARN_RANGE_LOOP_ANALYSIS = YES;
				CLANG_WARN_STRICT_PROTOTYPES = YES;
				CLANG_WARN_SUSPICIOUS_MOVE = YES;
				CLANG_WARN_UNGUARDED_AVAILABILITY = YES_AGGRESSIVE;
				CLANG_WARN_UNREACHABLE_CODE = YES;
				CLANG_WARN__DUPLICATE_METHOD_MATCH = YES;
				COPY_PHASE_STRIP = NO;
				DEBUG_INFORMATION_FORMAT = "dwarf-with-dsym";
				ENABLE_NS_ASSERTIONS = NO;
				ENABLE_STRICT_OBJC_MSGSEND = YES;
				ENABLE_USER_SCRIPT_SANDBOXING = YES;
				GCC_C_LANGUAGE_STANDARD = gnu17;
				GCC_NO_COMMON_BLOCKS = YES;
				GCC_WARN_64_TO_32_BIT_CONVERSION = YES;
				GCC_WARN_ABOUT_RETURN_TYPE = YES_ERROR;
				GCC_WARN_UNDECLARED_SELECTOR = YES;
				GCC_WARN_UNINITIALIZED_AUTOS = YES_AGGRESSIVE;
				GCC_WARN_UNUSED_FUNCTION = YES;
				GCC_WARN_UNUSED_VARIABLE = YES;
				IPHONEOS_DEPLOYMENT_TARGET = 18.5;
				LOCALIZATION_PREFERS_STRING_CATALOGS = YES;
				MTL_ENABLE_DEBUG_INFO = NO;
				MTL_FAST_MATH = YES;
				SDKROOT = iphoneos;
				SWIFT_COMPILATION_MODE = wholemodule;
				VALIDATE_PRODUCT = YES;
			};
			name = Release;
		};
/* End XCBuildConfiguration section */

/* Begin XCConfigurationList section */
		6DBE35482E6260F90031F662 /* Build configuration list for PBXProject "RickAndMorty" */ = {
			isa = XCConfigurationList;
			buildConfigurations = (
				6DBE35632E6260FA0031F662 /* Debug */,
				6DBE35642E6260FA0031F662 /* Release */,
			);
			defaultConfigurationIsVisible = 0;
			defaultConfigurationName = Release;
		};
		6DBE35602E6260FA0031F662 /* Build configuration list for PBXNativeTarget "RickAndMorty" */ = {
			isa = XCConfigurationList;
			buildConfigurations = (
				6DBE35612E6260FA0031F662 /* Debug */,
				6DBE35622E6260FA0031F662 /* Release */,
			);
			defaultConfigurationIsVisible = 0;
			defaultConfigurationName = Release;
		};
/* End XCConfigurationList section */
	};
	rootObject = 6DBE35452E6260F90031F662 /* Project object */;
}
